// !$*UTF8*$!
{
	archiveVersion = 1;
	classes = {
	};
	objectVersion = 48;
	objects = {

/* Begin PBXBuildFile section */
		486EB84E204F5DE0004676C2 /* AppDelegate.swift in Sources */ = {isa = PBXBuildFile; fileRef = 486EB84D204F5DE0004676C2 /* AppDelegate.swift */; };
		486EB850204F5DE0004676C2 /* GameScene.sks in Resources */ = {isa = PBXBuildFile; fileRef = 486EB84F204F5DE0004676C2 /* GameScene.sks */; };
		486EB852204F5DE0004676C2 /* Actions.sks in Resources */ = {isa = PBXBuildFile; fileRef = 486EB851204F5DE0004676C2 /* Actions.sks */; };
		486EB854204F5DE0004676C2 /* GameScene.swift in Sources */ = {isa = PBXBuildFile; fileRef = 486EB853204F5DE0004676C2 /* GameScene.swift */; };
		486EB856204F5DE0004676C2 /* GameViewController.swift in Sources */ = {isa = PBXBuildFile; fileRef = 486EB855204F5DE0004676C2 /* GameViewController.swift */; };
		486EB859204F5DE0004676C2 /* Main.storyboard in Resources */ = {isa = PBXBuildFile; fileRef = 486EB857204F5DE0004676C2 /* Main.storyboard */; };
		486EB85B204F5DE0004676C2 /* Assets.xcassets in Resources */ = {isa = PBXBuildFile; fileRef = 486EB85A204F5DE0004676C2 /* Assets.xcassets */; };
		486EB85E204F5DE0004676C2 /* LaunchScreen.storyboard in Resources */ = {isa = PBXBuildFile; fileRef = 486EB85C204F5DE0004676C2 /* LaunchScreen.storyboard */; };
		486EB869204F5DE0004676C2 /* FlatLandsTests.swift in Sources */ = {isa = PBXBuildFile; fileRef = 486EB868204F5DE0004676C2 /* FlatLandsTests.swift */; };
		486EB874204F5DE0004676C2 /* FlatLandsUITests.swift in Sources */ = {isa = PBXBuildFile; fileRef = 486EB873204F5DE0004676C2 /* FlatLandsUITests.swift */; };
		486EB8862052026A004676C2 /* Obstacle.swift in Sources */ = {isa = PBXBuildFile; fileRef = 486EB8852052026A004676C2 /* Obstacle.swift */; };
/* End PBXBuildFile section */

/* Begin PBXContainerItemProxy section */
		486EB865204F5DE0004676C2 /* PBXContainerItemProxy */ = {
			isa = PBXContainerItemProxy;
			containerPortal = 486EB842204F5DE0004676C2 /* Project object */;
			proxyType = 1;
			remoteGlobalIDString = 486EB849204F5DE0004676C2;
			remoteInfo = FlatLands;
		};
		486EB870204F5DE0004676C2 /* PBXContainerItemProxy */ = {
			isa = PBXContainerItemProxy;
			containerPortal = 486EB842204F5DE0004676C2 /* Project object */;
			proxyType = 1;
			remoteGlobalIDString = 486EB849204F5DE0004676C2;
			remoteInfo = FlatLands;
		};
/* End PBXContainerItemProxy section */

/* Begin PBXFileReference section */
		486EB84A204F5DE0004676C2 /* FlatLands.app */ = {isa = PBXFileReference; explicitFileType = wrapper.application; includeInIndex = 0; path = FlatLands.app; sourceTree = BUILT_PRODUCTS_DIR; };
		486EB84D204F5DE0004676C2 /* AppDelegate.swift */ = {isa = PBXFileReference; lastKnownFileType = sourcecode.swift; path = AppDelegate.swift; sourceTree = "<group>"; };
		486EB84F204F5DE0004676C2 /* GameScene.sks */ = {isa = PBXFileReference; lastKnownFileType = file.sks; path = GameScene.sks; sourceTree = "<group>"; };
		486EB851204F5DE0004676C2 /* Actions.sks */ = {isa = PBXFileReference; lastKnownFileType = file.sks; path = Actions.sks; sourceTree = "<group>"; };
		486EB853204F5DE0004676C2 /* GameScene.swift */ = {isa = PBXFileReference; lastKnownFileType = sourcecode.swift; path = GameScene.swift; sourceTree = "<group>"; };
		486EB855204F5DE0004676C2 /* GameViewController.swift */ = {isa = PBXFileReference; lastKnownFileType = sourcecode.swift; path = GameViewController.swift; sourceTree = "<group>"; };
		486EB858204F5DE0004676C2 /* Base */ = {isa = PBXFileReference; lastKnownFileType = file.storyboard; name = Base; path = Base.lproj/Main.storyboard; sourceTree = "<group>"; };
		486EB85A204F5DE0004676C2 /* Assets.xcassets */ = {isa = PBXFileReference; lastKnownFileType = folder.assetcatalog; path = Assets.xcassets; sourceTree = "<group>"; };
		486EB85D204F5DE0004676C2 /* Base */ = {isa = PBXFileReference; lastKnownFileType = file.storyboard; name = Base; path = Base.lproj/LaunchScreen.storyboard; sourceTree = "<group>"; };
		486EB85F204F5DE0004676C2 /* Info.plist */ = {isa = PBXFileReference; lastKnownFileType = text.plist.xml; path = Info.plist; sourceTree = "<group>"; };
		486EB864204F5DE0004676C2 /* FlatLandsTests.xctest */ = {isa = PBXFileReference; explicitFileType = wrapper.cfbundle; includeInIndex = 0; path = FlatLandsTests.xctest; sourceTree = BUILT_PRODUCTS_DIR; };
		486EB868204F5DE0004676C2 /* FlatLandsTests.swift */ = {isa = PBXFileReference; lastKnownFileType = sourcecode.swift; path = FlatLandsTests.swift; sourceTree = "<group>"; };
		486EB86A204F5DE0004676C2 /* Info.plist */ = {isa = PBXFileReference; lastKnownFileType = text.plist.xml; path = Info.plist; sourceTree = "<group>"; };
		486EB86F204F5DE0004676C2 /* FlatLandsUITests.xctest */ = {isa = PBXFileReference; explicitFileType = wrapper.cfbundle; includeInIndex = 0; path = FlatLandsUITests.xctest; sourceTree = BUILT_PRODUCTS_DIR; };
		486EB873204F5DE0004676C2 /* FlatLandsUITests.swift */ = {isa = PBXFileReference; lastKnownFileType = sourcecode.swift; path = FlatLandsUITests.swift; sourceTree = "<group>"; };
		486EB875204F5DE0004676C2 /* Info.plist */ = {isa = PBXFileReference; lastKnownFileType = text.plist.xml; path = Info.plist; sourceTree = "<group>"; };
		486EB8852052026A004676C2 /* Obstacle.swift */ = {isa = PBXFileReference; lastKnownFileType = sourcecode.swift; path = Obstacle.swift; sourceTree = "<group>"; };
/* End PBXFileReference section */

/* Begin PBXFrameworksBuildPhase section */
		486EB847204F5DE0004676C2 /* Frameworks */ = {
			isa = PBXFrameworksBuildPhase;
			buildActionMask = 2147483647;
			files = (
			);
			runOnlyForDeploymentPostprocessing = 0;
		};
		486EB861204F5DE0004676C2 /* Frameworks */ = {
			isa = PBXFrameworksBuildPhase;
			buildActionMask = 2147483647;
			files = (
			);
			runOnlyForDeploymentPostprocessing = 0;
		};
		486EB86C204F5DE0004676C2 /* Frameworks */ = {
			isa = PBXFrameworksBuildPhase;
			buildActionMask = 2147483647;
			files = (
			);
			runOnlyForDeploymentPostprocessing = 0;
		};
/* End PBXFrameworksBuildPhase section */

/* Begin PBXGroup section */
		486EB841204F5DE0004676C2 = {
			isa = PBXGroup;
			children = (
				486EB84C204F5DE0004676C2 /* FlatLands */,
				486EB867204F5DE0004676C2 /* FlatLandsTests */,
				486EB872204F5DE0004676C2 /* FlatLandsUITests */,
				486EB84B204F5DE0004676C2 /* Products */,
			);
			sourceTree = "<group>";
		};
		486EB84B204F5DE0004676C2 /* Products */ = {
			isa = PBXGroup;
			children = (
				486EB84A204F5DE0004676C2 /* FlatLands.app */,
				486EB864204F5DE0004676C2 /* FlatLandsTests.xctest */,
				486EB86F204F5DE0004676C2 /* FlatLandsUITests.xctest */,
			);
			name = Products;
			sourceTree = "<group>";
		};
		486EB84C204F5DE0004676C2 /* FlatLands */ = {
			isa = PBXGroup;
			children = (
				486EB84D204F5DE0004676C2 /* AppDelegate.swift */,
				486EB84F204F5DE0004676C2 /* GameScene.sks */,
				486EB851204F5DE0004676C2 /* Actions.sks */,
				486EB853204F5DE0004676C2 /* GameScene.swift */,
				486EB855204F5DE0004676C2 /* GameViewController.swift */,
				486EB8852052026A004676C2 /* Obstacle.swift */,
				486EB857204F5DE0004676C2 /* Main.storyboard */,
				486EB85A204F5DE0004676C2 /* Assets.xcassets */,
				486EB85C204F5DE0004676C2 /* LaunchScreen.storyboard */,
				486EB85F204F5DE0004676C2 /* Info.plist */,
			);
			path = FlatLands;
			sourceTree = "<group>";
		};
		486EB867204F5DE0004676C2 /* FlatLandsTests */ = {
			isa = PBXGroup;
			children = (
				486EB868204F5DE0004676C2 /* FlatLandsTests.swift */,
				486EB86A204F5DE0004676C2 /* Info.plist */,
			);
			path = FlatLandsTests;
			sourceTree = "<group>";
		};
		486EB872204F5DE0004676C2 /* FlatLandsUITests */ = {
			isa = PBXGroup;
			children = (
				486EB873204F5DE0004676C2 /* FlatLandsUITests.swift */,
				486EB875204F5DE0004676C2 /* Info.plist */,
			);
			path = FlatLandsUITests;
			sourceTree = "<group>";
		};
/* End PBXGroup section */

/* Begin PBXNativeTarget section */
		486EB849204F5DE0004676C2 /* FlatLands */ = {
			isa = PBXNativeTarget;
			buildConfigurationList = 486EB878204F5DE0004676C2 /* Build configuration list for PBXNativeTarget "FlatLands" */;
			buildPhases = (
				486EB846204F5DE0004676C2 /* Sources */,
				486EB847204F5DE0004676C2 /* Frameworks */,
				486EB848204F5DE0004676C2 /* Resources */,
			);
			buildRules = (
			);
			dependencies = (
			);
			name = FlatLands;
			productName = FlatLands;
			productReference = 486EB84A204F5DE0004676C2 /* FlatLands.app */;
			productType = "com.apple.product-type.application";
		};
		486EB863204F5DE0004676C2 /* FlatLandsTests */ = {
			isa = PBXNativeTarget;
			buildConfigurationList = 486EB87B204F5DE0004676C2 /* Build configuration list for PBXNativeTarget "FlatLandsTests" */;
			buildPhases = (
				486EB860204F5DE0004676C2 /* Sources */,
				486EB861204F5DE0004676C2 /* Frameworks */,
				486EB862204F5DE0004676C2 /* Resources */,
			);
			buildRules = (
			);
			dependencies = (
				486EB866204F5DE0004676C2 /* PBXTargetDependency */,
			);
			name = FlatLandsTests;
			productName = FlatLandsTests;
			productReference = 486EB864204F5DE0004676C2 /* FlatLandsTests.xctest */;
			productType = "com.apple.product-type.bundle.unit-test";
		};
		486EB86E204F5DE0004676C2 /* FlatLandsUITests */ = {
			isa = PBXNativeTarget;
			buildConfigurationList = 486EB87E204F5DE0004676C2 /* Build configuration list for PBXNativeTarget "FlatLandsUITests" */;
			buildPhases = (
				486EB86B204F5DE0004676C2 /* Sources */,
				486EB86C204F5DE0004676C2 /* Frameworks */,
				486EB86D204F5DE0004676C2 /* Resources */,
			);
			buildRules = (
			);
			dependencies = (
				486EB871204F5DE0004676C2 /* PBXTargetDependency */,
			);
			name = FlatLandsUITests;
			productName = FlatLandsUITests;
			productReference = 486EB86F204F5DE0004676C2 /* FlatLandsUITests.xctest */;
			productType = "com.apple.product-type.bundle.ui-testing";
		};
/* End PBXNativeTarget section */

/* Begin PBXProject section */
		486EB842204F5DE0004676C2 /* Project object */ = {
			isa = PBXProject;
			attributes = {
				LastSwiftUpdateCheck = 0920;
				LastUpgradeCheck = 0920;
				ORGANIZATIONNAME = "Tony Cioara";
				TargetAttributes = {
					486EB849204F5DE0004676C2 = {
						CreatedOnToolsVersion = 9.2;
						ProvisioningStyle = Automatic;
					};
					486EB863204F5DE0004676C2 = {
						CreatedOnToolsVersion = 9.2;
						ProvisioningStyle = Automatic;
						TestTargetID = 486EB849204F5DE0004676C2;
					};
					486EB86E204F5DE0004676C2 = {
						CreatedOnToolsVersion = 9.2;
						ProvisioningStyle = Automatic;
						TestTargetID = 486EB849204F5DE0004676C2;
					};
				};
			};
			buildConfigurationList = 486EB845204F5DE0004676C2 /* Build configuration list for PBXProject "FlatLands" */;
			compatibilityVersion = "Xcode 8.0";
			developmentRegion = en;
			hasScannedForEncodings = 0;
			knownRegions = (
				en,
				Base,
			);
			mainGroup = 486EB841204F5DE0004676C2;
			productRefGroup = 486EB84B204F5DE0004676C2 /* Products */;
			projectDirPath = "";
			projectRoot = "";
			targets = (
				486EB849204F5DE0004676C2 /* FlatLands */,
				486EB863204F5DE0004676C2 /* FlatLandsTests */,
				486EB86E204F5DE0004676C2 /* FlatLandsUITests */,
			);
		};
/* End PBXProject section */

/* Begin PBXResourcesBuildPhase section */
		486EB848204F5DE0004676C2 /* Resources */ = {
			isa = PBXResourcesBuildPhase;
			buildActionMask = 2147483647;
			files = (
				486EB859204F5DE0004676C2 /* Main.storyboard in Resources */,
				486EB850204F5DE0004676C2 /* GameScene.sks in Resources */,
				486EB85B204F5DE0004676C2 /* Assets.xcassets in Resources */,
				486EB85E204F5DE0004676C2 /* LaunchScreen.storyboard in Resources */,
				486EB852204F5DE0004676C2 /* Actions.sks in Resources */,
			);
			runOnlyForDeploymentPostprocessing = 0;
		};
		486EB862204F5DE0004676C2 /* Resources */ = {
			isa = PBXResourcesBuildPhase;
			buildActionMask = 2147483647;
			files = (
			);
			runOnlyForDeploymentPostprocessing = 0;
		};
		486EB86D204F5DE0004676C2 /* Resources */ = {
			isa = PBXResourcesBuildPhase;
			buildActionMask = 2147483647;
			files = (
			);
			runOnlyForDeploymentPostprocessing = 0;
		};
/* End PBXResourcesBuildPhase section */

/* Begin PBXSourcesBuildPhase section */
		486EB846204F5DE0004676C2 /* Sources */ = {
			isa = PBXSourcesBuildPhase;
			buildActionMask = 2147483647;
			files = (
				486EB854204F5DE0004676C2 /* GameScene.swift in Sources */,
				486EB856204F5DE0004676C2 /* GameViewController.swift in Sources */,
				486EB8862052026A004676C2 /* Obstacle.swift in Sources */,
				486EB84E204F5DE0004676C2 /* AppDelegate.swift in Sources */,
			);
			runOnlyForDeploymentPostprocessing = 0;
		};
		486EB860204F5DE0004676C2 /* Sources */ = {
			isa = PBXSourcesBuildPhase;
			buildActionMask = 2147483647;
			files = (
				486EB869204F5DE0004676C2 /* FlatLandsTests.swift in Sources */,
			);
			runOnlyForDeploymentPostprocessing = 0;
		};
		486EB86B204F5DE0004676C2 /* Sources */ = {
			isa = PBXSourcesBuildPhase;
			buildActionMask = 2147483647;
			files = (
				486EB874204F5DE0004676C2 /* FlatLandsUITests.swift in Sources */,
			);
			runOnlyForDeploymentPostprocessing = 0;
		};
/* End PBXSourcesBuildPhase section */

/* Begin PBXTargetDependency section */
		486EB866204F5DE0004676C2 /* PBXTargetDependency */ = {
			isa = PBXTargetDependency;
			target = 486EB849204F5DE0004676C2 /* FlatLands */;
			targetProxy = 486EB865204F5DE0004676C2 /* PBXContainerItemProxy */;
		};
		486EB871204F5DE0004676C2 /* PBXTargetDependency */ = {
			isa = PBXTargetDependency;
			target = 486EB849204F5DE0004676C2 /* FlatLands */;
			targetProxy = 486EB870204F5DE0004676C2 /* PBXContainerItemProxy */;
		};
/* End PBXTargetDependency section */

/* Begin PBXVariantGroup section */
		486EB857204F5DE0004676C2 /* Main.storyboard */ = {
			isa = PBXVariantGroup;
			children = (
				486EB858204F5DE0004676C2 /* Base */,
			);
			name = Main.storyboard;
			sourceTree = "<group>";
		};
		486EB85C204F5DE0004676C2 /* LaunchScreen.storyboard */ = {
			isa = PBXVariantGroup;
			children = (
				486EB85D204F5DE0004676C2 /* Base */,
			);
			name = LaunchScreen.storyboard;
			sourceTree = "<group>";
		};
/* End PBXVariantGroup section */

/* Begin XCBuildConfiguration section */
		486EB876204F5DE0004676C2 /* Debug */ = {
			isa = XCBuildConfiguration;
			buildSettings = {
				ALWAYS_SEARCH_USER_PATHS = NO;
				CLANG_ANALYZER_NONNULL = YES;
				CLANG_ANALYZER_NUMBER_OBJECT_CONVERSION = YES_AGGRESSIVE;
				CLANG_CXX_LANGUAGE_STANDARD = "gnu++14";
				CLANG_CXX_LIBRARY = "libc++";
				CLANG_ENABLE_MODULES = YES;
				CLANG_ENABLE_OBJC_ARC = YES;
				CLANG_WARN_BLOCK_CAPTURE_AUTORELEASING = YES;
				CLANG_WARN_BOOL_CONVERSION = YES;
				CLANG_WARN_COMMA = YES;
				CLANG_WARN_CONSTANT_CONVERSION = YES;
				CLANG_WARN_DIRECT_OBJC_ISA_USAGE = YES_ERROR;
				CLANG_WARN_DOCUMENTATION_COMMENTS = YES;
				CLANG_WARN_EMPTY_BODY = YES;
				CLANG_WARN_ENUM_CONVERSION = YES;
				CLANG_WARN_INFINITE_RECURSION = YES;
				CLANG_WARN_INT_CONVERSION = YES;
				CLANG_WARN_NON_LITERAL_NULL_CONVERSION = YES;
				CLANG_WARN_OBJC_LITERAL_CONVERSION = YES;
				CLANG_WARN_OBJC_ROOT_CLASS = YES_ERROR;
				CLANG_WARN_RANGE_LOOP_ANALYSIS = YES;
				CLANG_WARN_STRICT_PROTOTYPES = YES;
				CLANG_WARN_SUSPICIOUS_MOVE = YES;
				CLANG_WARN_UNGUARDED_AVAILABILITY = YES_AGGRESSIVE;
				CLANG_WARN_UNREACHABLE_CODE = YES;
				CLANG_WARN__DUPLICATE_METHOD_MATCH = YES;
				CODE_SIGN_IDENTITY = "iPhone Developer";
				COPY_PHASE_STRIP = NO;
				DEBUG_INFORMATION_FORMAT = dwarf;
				ENABLE_STRICT_OBJC_MSGSEND = YES;
				ENABLE_TESTABILITY = YES;
				GCC_C_LANGUAGE_STANDARD = gnu11;
				GCC_DYNAMIC_NO_PIC = NO;
				GCC_NO_COMMON_BLOCKS = YES;
				GCC_OPTIMIZATION_LEVEL = 0;
				GCC_PREPROCESSOR_DEFINITIONS = (
					"DEBUG=1",
					"$(inherited)",
				);
				GCC_WARN_64_TO_32_BIT_CONVERSION = YES;
				GCC_WARN_ABOUT_RETURN_TYPE = YES_ERROR;
				GCC_WARN_UNDECLARED_SELECTOR = YES;
				GCC_WARN_UNINITIALIZED_AUTOS = YES_AGGRESSIVE;
				GCC_WARN_UNUSED_FUNCTION = YES;
				GCC_WARN_UNUSED_VARIABLE = YES;
				IPHONEOS_DEPLOYMENT_TARGET = 11.2;
				MTL_ENABLE_DEBUG_INFO = YES;
				ONLY_ACTIVE_ARCH = YES;
				SDKROOT = iphoneos;
				SWIFT_ACTIVE_COMPILATION_CONDITIONS = DEBUG;
				SWIFT_OPTIMIZATION_LEVEL = "-Onone";
			};
			name = Debug;
		};
		486EB877204F5DE0004676C2 /* Release */ = {
			isa = XCBuildConfiguration;
			buildSettings = {
				ALWAYS_SEARCH_USER_PATHS = NO;
				CLANG_ANALYZER_NONNULL = YES;
				CLANG_ANALYZER_NUMBER_OBJECT_CONVERSION = YES_AGGRESSIVE;
				CLANG_CXX_LANGUAGE_STANDARD = "gnu++14";
				CLANG_CXX_LIBRARY = "libc++";
				CLANG_ENABLE_MODULES = YES;
				CLANG_ENABLE_OBJC_ARC = YES;
				CLANG_WARN_BLOCK_CAPTURE_AUTORELEASING = YES;
				CLANG_WARN_BOOL_CONVERSION = YES;
				CLANG_WARN_COMMA = YES;
				CLANG_WARN_CONSTANT_CONVERSION = YES;
				CLANG_WARN_DIRECT_OBJC_ISA_USAGE = YES_ERROR;
				CLANG_WARN_DOCUMENTATION_COMMENTS = YES;
				CLANG_WARN_EMPTY_BODY = YES;
				CLANG_WARN_ENUM_CONVERSION = YES;
				CLANG_WARN_INFINITE_RECURSION = YES;
				CLANG_WARN_INT_CONVERSION = YES;
				CLANG_WARN_NON_LITERAL_NULL_CONVERSION = YES;
				CLANG_WARN_OBJC_LITERAL_CONVERSION = YES;
				CLANG_WARN_OBJC_ROOT_CLASS = YES_ERROR;
				CLANG_WARN_RANGE_LOOP_ANALYSIS = YES;
				CLANG_WARN_STRICT_PROTOTYPES = YES;
				CLANG_WARN_SUSPICIOUS_MOVE = YES;
				CLANG_WARN_UNGUARDED_AVAILABILITY = YES_AGGRESSIVE;
				CLANG_WARN_UNREACHABLE_CODE = YES;
				CLANG_WARN__DUPLICATE_METHOD_MATCH = YES;
				CODE_SIGN_IDENTITY = "iPhone Developer";
				COPY_PHASE_STRIP = NO;
				DEBUG_INFORMATION_FORMAT = "dwarf-with-dsym";
				ENABLE_NS_ASSERTIONS = NO;
				ENABLE_STRICT_OBJC_MSGSEND = YES;
				GCC_C_LANGUAGE_STANDARD = gnu11;
				GCC_NO_COMMON_BLOCKS = YES;
				GCC_WARN_64_TO_32_BIT_CONVERSION = YES;
				GCC_WARN_ABOUT_RETURN_TYPE = YES_ERROR;
				GCC_WARN_UNDECLARED_SELECTOR = YES;
				GCC_WARN_UNINITIALIZED_AUTOS = YES_AGGRESSIVE;
				GCC_WARN_UNUSED_FUNCTION = YES;
				GCC_WARN_UNUSED_VARIABLE = YES;
				IPHONEOS_DEPLOYMENT_TARGET = 11.2;
				MTL_ENABLE_DEBUG_INFO = NO;
				SDKROOT = iphoneos;
				SWIFT_OPTIMIZATION_LEVEL = "-Owholemodule";
				VALIDATE_PRODUCT = YES;
			};
			name = Release;
		};
		486EB879204F5DE0004676C2 /* Debug */ = {
			isa = XCBuildConfiguration;
			buildSettings = {
				ASSETCATALOG_COMPILER_APPICON_NAME = AppIcon;
				CODE_SIGN_STYLE = Automatic;
				DEVELOPMENT_TEAM = JDYWQEVARC;
				INFOPLIST_FILE = FlatLands/Info.plist;
				LD_RUNPATH_SEARCH_PATHS = "$(inherited) @executable_path/Frameworks";
				PRODUCT_BUNDLE_IDENTIFIER = com.TonyCioara.FlatLands;
				PRODUCT_NAME = "$(TARGET_NAME)";
				SWIFT_VERSION = 4.0;
				TARGETED_DEVICE_FAMILY = "1,2";
			};
			name = Debug;
		};
		486EB87A204F5DE0004676C2 /* Release */ = {
			isa = XCBuildConfiguration;
			buildSettings = {
				ASSETCATALOG_COMPILER_APPICON_NAME = AppIcon;
				CODE_SIGN_STYLE = Automatic;
				DEVELOPMENT_TEAM = JDYWQEVARC;
				INFOPLIST_FILE = FlatLands/Info.plist;
				LD_RUNPATH_SEARCH_PATHS = "$(inherited) @executable_path/Frameworks";
				PRODUCT_BUNDLE_IDENTIFIER = com.TonyCioara.FlatLands;
				PRODUCT_NAME = "$(TARGET_NAME)";
				SWIFT_VERSION = 4.0;
				TARGETED_DEVICE_FAMILY = "1,2";
			};
			name = Release;
		};
		486EB87C204F5DE0004676C2 /* Debug */ = {
			isa = XCBuildConfiguration;
			buildSettings = {
				ALWAYS_EMBED_SWIFT_STANDARD_LIBRARIES = YES;
				BUNDLE_LOADER = "$(TEST_HOST)";
				CODE_SIGN_STYLE = Automatic;
				DEVELOPMENT_TEAM = JDYWQEVARC;
				INFOPLIST_FILE = FlatLandsTests/Info.plist;
				LD_RUNPATH_SEARCH_PATHS = "$(inherited) @executable_path/Frameworks @loader_path/Frameworks";
				PRODUCT_BUNDLE_IDENTIFIER = com.TonyCioara.FlatLandsTests;
				PRODUCT_NAME = "$(TARGET_NAME)";
				SWIFT_VERSION = 4.0;
				TARGETED_DEVICE_FAMILY = "1,2";
				TEST_HOST = "$(BUILT_PRODUCTS_DIR)/FlatLands.app/FlatLands";
			};
			name = Debug;
		};
		486EB87D204F5DE0004676C2 /* Release */ = {
			isa = XCBuildConfiguration;
			buildSettings = {
				ALWAYS_EMBED_SWIFT_STANDARD_LIBRARIES = YES;
				BUNDLE_LOADER = "$(TEST_HOST)";
				CODE_SIGN_STYLE = Automatic;
				DEVELOPMENT_TEAM = JDYWQEVARC;
				INFOPLIST_FILE = FlatLandsTests/Info.plist;
				LD_RUNPATH_SEARCH_PATHS = "$(inherited) @executable_path/Frameworks @loader_path/Frameworks";
				PRODUCT_BUNDLE_IDENTIFIER = com.TonyCioara.FlatLandsTests;
				PRODUCT_NAME = "$(TARGET_NAME)";
				SWIFT_VERSION = 4.0;
				TARGETED_DEVICE_FAMILY = "1,2";
				TEST_HOST = "$(BUILT_PRODUCTS_DIR)/FlatLands.app/FlatLands";
			};
			name = Release;
		};
		486EB87F204F5DE0004676C2 /* Debug */ = {
			isa = XCBuildConfiguration;
			buildSettings = {
				ALWAYS_EMBED_SWIFT_STANDARD_LIBRARIES = YES;
				CODE_SIGN_STYLE = Automatic;
				DEVELOPMENT_TEAM = JDYWQEVARC;
				INFOPLIST_FILE = FlatLandsUITests/Info.plist;
				LD_RUNPATH_SEARCH_PATHS = "$(inherited) @executable_path/Frameworks @loader_path/Frameworks";
				PRODUCT_BUNDLE_IDENTIFIER = com.TonyCioara.FlatLandsUITests;
				PRODUCT_NAME = "$(TARGET_NAME)";
				SWIFT_VERSION = 4.0;
				TARGETED_DEVICE_FAMILY = "1,2";
				TEST_TARGET_NAME = FlatLands;
			};
			name = Debug;
		};
		486EB880204F5DE0004676C2 /* Release */ = {
			isa = XCBuildConfiguration;
			buildSettings = {
				ALWAYS_EMBED_SWIFT_STANDARD_LIBRARIES = YES;
				CODE_SIGN_STYLE = Automatic;
				DEVELOPMENT_TEAM = JDYWQEVARC;
				INFOPLIST_FILE = FlatLandsUITests/Info.plist;
				LD_RUNPATH_SEARCH_PATHS = "$(inherited) @executable_path/Frameworks @loader_path/Frameworks";
				PRODUCT_BUNDLE_IDENTIFIER = com.TonyCioara.FlatLandsUITests;
				PRODUCT_NAME = "$(TARGET_NAME)";
				SWIFT_VERSION = 4.0;
				TARGETED_DEVICE_FAMILY = "1,2";
				TEST_TARGET_NAME = FlatLands;
			};
			name = Release;
		};
/* End XCBuildConfiguration section */

/* Begin XCConfigurationList section */
		486EB845204F5DE0004676C2 /* Build configuration list for PBXProject "FlatLands" */ = {
			isa = XCConfigurationList;
			buildConfigurations = (
				486EB876204F5DE0004676C2 /* Debug */,
				486EB877204F5DE0004676C2 /* Release */,
			);
			defaultConfigurationIsVisible = 0;
			defaultConfigurationName = Release;
		};
		486EB878204F5DE0004676C2 /* Build configuration list for PBXNativeTarget "FlatLands" */ = {
			isa = XCConfigurationList;
			buildConfigurations = (
				486EB879204F5DE0004676C2 /* Debug */,
				486EB87A204F5DE0004676C2 /* Release */,
			);
			defaultConfigurationIsVisible = 0;
			defaultConfigurationName = Release;
		};
		486EB87B204F5DE0004676C2 /* Build configuration list for PBXNativeTarget "FlatLandsTests" */ = {
			isa = XCConfigurationList;
			buildConfigurations = (
				486EB87C204F5DE0004676C2 /* Debug */,
				486EB87D204F5DE0004676C2 /* Release */,
			);
			defaultConfigurationIsVisible = 0;
			defaultConfigurationName = Release;
		};
		486EB87E204F5DE0004676C2 /* Build configuration list for PBXNativeTarget "FlatLandsUITests" */ = {
			isa = XCConfigurationList;
			buildConfigurations = (
				486EB87F204F5DE0004676C2 /* Debug */,
				486EB880204F5DE0004676C2 /* Release */,
			);
			defaultConfigurationIsVisible = 0;
			defaultConfigurationName = Release;
		};
/* End XCConfigurationList section */
	};
	rootObject = 486EB842204F5DE0004676C2 /* Project object */;
}
